// !$*UTF8*$!
{
	archiveVersion = 1;
	classes = {
	};
	objectVersion = 55;
	objects = {

/* Begin PBXBuildFile section */
		E44D6EDA2887C5B300F1928C /* ModelData.swift in Sources */ = {isa = PBXBuildFile; fileRef = E44D6ED92887C5B300F1928C /* ModelData.swift */; };
		E44D6EDF2888FE5700F1928C /* LandmarkRow.swift in Sources */ = {isa = PBXBuildFile; fileRef = E44D6EDE2888FE5700F1928C /* LandmarkRow.swift */; };
		E44D6EED2889017D00F1928C /* twinlake@2x.jpg in Resources */ = {isa = PBXBuildFile; fileRef = E44D6EE22889017D00F1928C /* twinlake@2x.jpg */; };
		E44D6EEE2889017D00F1928C /* silversalmoncreek@2x.jpg in Resources */ = {isa = PBXBuildFile; fileRef = E44D6EE32889017D00F1928C /* silversalmoncreek@2x.jpg */; };
		E44D6EEF2889017D00F1928C /* charleyrivers@2x.jpg in Resources */ = {isa = PBXBuildFile; fileRef = E44D6EE42889017D00F1928C /* charleyrivers@2x.jpg */; };
		E44D6EF02889017D00F1928C /* hiddenlake@2x.jpg in Resources */ = {isa = PBXBuildFile; fileRef = E44D6EE52889017D00F1928C /* hiddenlake@2x.jpg */; };
		E44D6EF12889017D00F1928C /* chincoteague@2x.jpg in Resources */ = {isa = PBXBuildFile; fileRef = E44D6EE62889017D00F1928C /* chincoteague@2x.jpg */; };
		E44D6EF22889017D00F1928C /* lakemcdonald@2x.jpg in Resources */ = {isa = PBXBuildFile; fileRef = E44D6EE72889017D00F1928C /* lakemcdonald@2x.jpg */; };
		E44D6EF32889017D00F1928C /* icybay@2x.jpg in Resources */ = {isa = PBXBuildFile; fileRef = E44D6EE82889017D00F1928C /* icybay@2x.jpg */; };
		E44D6EF42889017D00F1928C /* rainbowlake@2x.jpg in Resources */ = {isa = PBXBuildFile; fileRef = E44D6EE92889017D00F1928C /* rainbowlake@2x.jpg */; };
		E44D6EF52889017D00F1928C /* umbagog@2x.jpg in Resources */ = {isa = PBXBuildFile; fileRef = E44D6EEA2889017D00F1928C /* umbagog@2x.jpg */; };
		E44D6EF62889017D00F1928C /* chilkoottrail@2x.jpg in Resources */ = {isa = PBXBuildFile; fileRef = E44D6EEB2889017D00F1928C /* chilkoottrail@2x.jpg */; };
		E44D6EF72889017D00F1928C /* stmarylake@2x.jpg in Resources */ = {isa = PBXBuildFile; fileRef = E44D6EEC2889017D00F1928C /* stmarylake@2x.jpg */; };
		E44D6EF9288904A900F1928C /* LandmarkList.swift in Sources */ = {isa = PBXBuildFile; fileRef = E44D6EF8288904A900F1928C /* LandmarkList.swift */; };
		E4E93E0128810AF500D93068 /* LandmarksApp.swift in Sources */ = {isa = PBXBuildFile; fileRef = E4E93E0028810AF500D93068 /* LandmarksApp.swift */; };
		E4E93E0328810AF500D93068 /* ContentView.swift in Sources */ = {isa = PBXBuildFile; fileRef = E4E93E0228810AF500D93068 /* ContentView.swift */; };
		E4E93E0528810AF900D93068 /* Assets.xcassets in Resources */ = {isa = PBXBuildFile; fileRef = E4E93E0428810AF900D93068 /* Assets.xcassets */; };
		E4E93E0828810AF900D93068 /* Preview Assets.xcassets in Resources */ = {isa = PBXBuildFile; fileRef = E4E93E0728810AF900D93068 /* Preview Assets.xcassets */; };
		E4E93E1228810AFA00D93068 /* LandmarksTests.swift in Sources */ = {isa = PBXBuildFile; fileRef = E4E93E1128810AFA00D93068 /* LandmarksTests.swift */; };
		E4E93E1C28810AFA00D93068 /* LandmarksUITests.swift in Sources */ = {isa = PBXBuildFile; fileRef = E4E93E1B28810AFA00D93068 /* LandmarksUITests.swift */; };
		E4E93E1E28810AFA00D93068 /* LandmarksUITestsLaunchTests.swift in Sources */ = {isa = PBXBuildFile; fileRef = E4E93E1D28810AFA00D93068 /* LandmarksUITestsLaunchTests.swift */; };
		E4E93E2B288110FB00D93068 /* CircleImage.swift in Sources */ = {isa = PBXBuildFile; fileRef = E4E93E2A288110FB00D93068 /* CircleImage.swift */; };
		E4E93E2D2881122A00D93068 /* MapView.swift in Sources */ = {isa = PBXBuildFile; fileRef = E4E93E2C2881122A00D93068 /* MapView.swift */; };
		E4E93E2F2887BE7300D93068 /* landmarkData.json in Resources */ = {isa = PBXBuildFile; fileRef = E4E93E2E2887BE7300D93068 /* landmarkData.json */; };
		E4E93E312887C01500D93068 /* Landmark.swift in Sources */ = {isa = PBXBuildFile; fileRef = E4E93E302887C01500D93068 /* Landmark.swift */; };
/* End PBXBuildFile section */

/* Begin PBXContainerItemProxy section */
		E4E93E0E28810AFA00D93068 /* PBXContainerItemProxy */ = {
			isa = PBXContainerItemProxy;
			containerPortal = E4E93DF528810AF400D93068 /* Project object */;
			proxyType = 1;
			remoteGlobalIDString = E4E93DFC28810AF400D93068;
			remoteInfo = Landmarks;
		};
		E4E93E1828810AFA00D93068 /* PBXContainerItemProxy */ = {
			isa = PBXContainerItemProxy;
			containerPortal = E4E93DF528810AF400D93068 /* Project object */;
			proxyType = 1;
			remoteGlobalIDString = E4E93DFC28810AF400D93068;
			remoteInfo = Landmarks;
		};
/* End PBXContainerItemProxy section */

/* Begin PBXFileReference section */
		E44D6ED92887C5B300F1928C /* ModelData.swift */ = {isa = PBXFileReference; lastKnownFileType = sourcecode.swift; path = ModelData.swift; sourceTree = "<group>"; };
		E44D6EDE2888FE5700F1928C /* LandmarkRow.swift */ = {isa = PBXFileReference; lastKnownFileType = sourcecode.swift; path = LandmarkRow.swift; sourceTree = "<group>"; };
		E44D6EE22889017D00F1928C /* twinlake@2x.jpg */ = {isa = PBXFileReference; lastKnownFileType = image.jpeg; path = "twinlake@2x.jpg"; sourceTree = SOURCE_ROOT; };
		E44D6EE32889017D00F1928C /* silversalmoncreek@2x.jpg */ = {isa = PBXFileReference; lastKnownFileType = image.jpeg; path = "silversalmoncreek@2x.jpg"; sourceTree = SOURCE_ROOT; };
		E44D6EE42889017D00F1928C /* charleyrivers@2x.jpg */ = {isa = PBXFileReference; lastKnownFileType = image.jpeg; path = "charleyrivers@2x.jpg"; sourceTree = SOURCE_ROOT; };
		E44D6EE52889017D00F1928C /* hiddenlake@2x.jpg */ = {isa = PBXFileReference; lastKnownFileType = image.jpeg; path = "hiddenlake@2x.jpg"; sourceTree = SOURCE_ROOT; };
		E44D6EE62889017D00F1928C /* chincoteague@2x.jpg */ = {isa = PBXFileReference; lastKnownFileType = image.jpeg; path = "chincoteague@2x.jpg"; sourceTree = SOURCE_ROOT; };
		E44D6EE72889017D00F1928C /* lakemcdonald@2x.jpg */ = {isa = PBXFileReference; lastKnownFileType = image.jpeg; path = "lakemcdonald@2x.jpg"; sourceTree = SOURCE_ROOT; };
		E44D6EE82889017D00F1928C /* icybay@2x.jpg */ = {isa = PBXFileReference; lastKnownFileType = image.jpeg; path = "icybay@2x.jpg"; sourceTree = SOURCE_ROOT; };
		E44D6EE92889017D00F1928C /* rainbowlake@2x.jpg */ = {isa = PBXFileReference; lastKnownFileType = image.jpeg; path = "rainbowlake@2x.jpg"; sourceTree = SOURCE_ROOT; };
		E44D6EEA2889017D00F1928C /* umbagog@2x.jpg */ = {isa = PBXFileReference; lastKnownFileType = image.jpeg; path = "umbagog@2x.jpg"; sourceTree = SOURCE_ROOT; };
		E44D6EEB2889017D00F1928C /* chilkoottrail@2x.jpg */ = {isa = PBXFileReference; lastKnownFileType = image.jpeg; path = "chilkoottrail@2x.jpg"; sourceTree = SOURCE_ROOT; };
		E44D6EEC2889017D00F1928C /* stmarylake@2x.jpg */ = {isa = PBXFileReference; lastKnownFileType = image.jpeg; path = "stmarylake@2x.jpg"; sourceTree = SOURCE_ROOT; };
		E44D6EF8288904A900F1928C /* LandmarkList.swift */ = {isa = PBXFileReference; lastKnownFileType = sourcecode.swift; path = LandmarkList.swift; sourceTree = "<group>"; };
		E4E93DFD28810AF500D93068 /* Landmarks.app */ = {isa = PBXFileReference; explicitFileType = wrapper.application; includeInIndex = 0; path = Landmarks.app; sourceTree = BUILT_PRODUCTS_DIR; };
		E4E93E0028810AF500D93068 /* LandmarksApp.swift */ = {isa = PBXFileReference; lastKnownFileType = sourcecode.swift; path = LandmarksApp.swift; sourceTree = "<group>"; };
		E4E93E0228810AF500D93068 /* ContentView.swift */ = {isa = PBXFileReference; lastKnownFileType = sourcecode.swift; path = ContentView.swift; sourceTree = "<group>"; };
		E4E93E0428810AF900D93068 /* Assets.xcassets */ = {isa = PBXFileReference; lastKnownFileType = folder.assetcatalog; path = Assets.xcassets; sourceTree = "<group>"; };
		E4E93E0728810AF900D93068 /* Preview Assets.xcassets */ = {isa = PBXFileReference; lastKnownFileType = folder.assetcatalog; path = "Preview Assets.xcassets"; sourceTree = "<group>"; };
		E4E93E0D28810AFA00D93068 /* LandmarksTests.xctest */ = {isa = PBXFileReference; explicitFileType = wrapper.cfbundle; includeInIndex = 0; path = LandmarksTests.xctest; sourceTree = BUILT_PRODUCTS_DIR; };
		E4E93E1128810AFA00D93068 /* LandmarksTests.swift */ = {isa = PBXFileReference; lastKnownFileType = sourcecode.swift; path = LandmarksTests.swift; sourceTree = "<group>"; };
		E4E93E1728810AFA00D93068 /* LandmarksUITests.xctest */ = {isa = PBXFileReference; explicitFileType = wrapper.cfbundle; includeInIndex = 0; path = LandmarksUITests.xctest; sourceTree = BUILT_PRODUCTS_DIR; };
		E4E93E1B28810AFA00D93068 /* LandmarksUITests.swift */ = {isa = PBXFileReference; lastKnownFileType = sourcecode.swift; path = LandmarksUITests.swift; sourceTree = "<group>"; };
		E4E93E1D28810AFA00D93068 /* LandmarksUITestsLaunchTests.swift */ = {isa = PBXFileReference; lastKnownFileType = sourcecode.swift; path = LandmarksUITestsLaunchTests.swift; sourceTree = "<group>"; };
		E4E93E2A288110FB00D93068 /* CircleImage.swift */ = {isa = PBXFileReference; lastKnownFileType = sourcecode.swift; path = CircleImage.swift; sourceTree = "<group>"; };
		E4E93E2C2881122A00D93068 /* MapView.swift */ = {isa = PBXFileReference; lastKnownFileType = sourcecode.swift; path = MapView.swift; sourceTree = "<group>"; };
		E4E93E2E2887BE7300D93068 /* landmarkData.json */ = {isa = PBXFileReference; fileEncoding = 4; lastKnownFileType = text.json; name = landmarkData.json; path = Landmarks/Resources/landmarkData.json; sourceTree = SOURCE_ROOT; };
		E4E93E302887C01500D93068 /* Landmark.swift */ = {isa = PBXFileReference; lastKnownFileType = sourcecode.swift; path = Landmark.swift; sourceTree = "<group>"; };
/* End PBXFileReference section */

/* Begin PBXFrameworksBuildPhase section */
		E4E93DFA28810AF400D93068 /* Frameworks */ = {
			isa = PBXFrameworksBuildPhase;
			buildActionMask = 2147483647;
			files = (
			);
			runOnlyForDeploymentPostprocessing = 0;
		};
		E4E93E0A28810AFA00D93068 /* Frameworks */ = {
			isa = PBXFrameworksBuildPhase;
			buildActionMask = 2147483647;
			files = (
			);
			runOnlyForDeploymentPostprocessing = 0;
		};
		E4E93E1428810AFA00D93068 /* Frameworks */ = {
			isa = PBXFrameworksBuildPhase;
			buildActionMask = 2147483647;
			files = (
			);
			runOnlyForDeploymentPostprocessing = 0;
		};
/* End PBXFrameworksBuildPhase section */

/* Begin PBXGroup section */
		E44D6EDB2887C6F200F1928C /* Views */ = {
			isa = PBXGroup;
			children = (
				E4E93E0228810AF500D93068 /* ContentView.swift */,
				E4E93E2A288110FB00D93068 /* CircleImage.swift */,
				E4E93E2C2881122A00D93068 /* MapView.swift */,
				E44D6EDE2888FE5700F1928C /* LandmarkRow.swift */,
				E44D6EF8288904A900F1928C /* LandmarkList.swift */,
			);
			path = Views;
			sourceTree = "<group>";
		};
		E44D6EDC2887C72A00F1928C /* Model */ = {
			isa = PBXGroup;
			children = (
				E4E93E302887C01500D93068 /* Landmark.swift */,
				E44D6ED92887C5B300F1928C /* ModelData.swift */,
			);
			path = Model;
			sourceTree = "<group>";
		};
		E44D6EDD2887C73800F1928C /* Resources */ = {
			isa = PBXGroup;
			children = (
				E4E93E2E2887BE7300D93068 /* landmarkData.json */,
			);
			path = Resources;
			sourceTree = "<group>";
		};
		E4E93DF428810AF400D93068 = {
			isa = PBXGroup;
			children = (
				E4E93DFF28810AF500D93068 /* Landmarks */,
				E4E93E1028810AFA00D93068 /* LandmarksTests */,
				E4E93E1A28810AFA00D93068 /* LandmarksUITests */,
				E4E93DFE28810AF500D93068 /* Products */,
			);
			sourceTree = "<group>";
		};
		E4E93DFE28810AF500D93068 /* Products */ = {
			isa = PBXGroup;
			children = (
				E4E93DFD28810AF500D93068 /* Landmarks.app */,
				E4E93E0D28810AFA00D93068 /* LandmarksTests.xctest */,
				E4E93E1728810AFA00D93068 /* LandmarksUITests.xctest */,
			);
			name = Products;
			sourceTree = "<group>";
		};
		E4E93DFF28810AF500D93068 /* Landmarks */ = {
			isa = PBXGroup;
			children = (
				E4E93E0028810AF500D93068 /* LandmarksApp.swift */,
				E44D6EDB2887C6F200F1928C /* Views */,
				E4E93E0428810AF900D93068 /* Assets.xcassets */,
				E44D6EE42889017D00F1928C /* charleyrivers@2x.jpg */,
				E44D6EEB2889017D00F1928C /* chilkoottrail@2x.jpg */,
				E44D6EE62889017D00F1928C /* chincoteague@2x.jpg */,
				E44D6EE52889017D00F1928C /* hiddenlake@2x.jpg */,
				E44D6EE82889017D00F1928C /* icybay@2x.jpg */,
				E44D6EE72889017D00F1928C /* lakemcdonald@2x.jpg */,
				E44D6EE92889017D00F1928C /* rainbowlake@2x.jpg */,
				E44D6EE32889017D00F1928C /* silversalmoncreek@2x.jpg */,
				E44D6EEC2889017D00F1928C /* stmarylake@2x.jpg */,
				E44D6EE22889017D00F1928C /* twinlake@2x.jpg */,
				E44D6EEA2889017D00F1928C /* umbagog@2x.jpg */,
				E44D6EDC2887C72A00F1928C /* Model */,
				E44D6EDD2887C73800F1928C /* Resources */,
				E4E93E0628810AF900D93068 /* Preview Content */,
			);
			path = Landmarks;
			sourceTree = "<group>";
		};
		E4E93E0628810AF900D93068 /* Preview Content */ = {
			isa = PBXGroup;
			children = (
				E4E93E0728810AF900D93068 /* Preview Assets.xcassets */,
			);
			path = "Preview Content";
			sourceTree = "<group>";
		};
		E4E93E1028810AFA00D93068 /* LandmarksTests */ = {
			isa = PBXGroup;
			children = (
				E4E93E1128810AFA00D93068 /* LandmarksTests.swift */,
			);
			path = LandmarksTests;
			sourceTree = "<group>";
		};
		E4E93E1A28810AFA00D93068 /* LandmarksUITests */ = {
			isa = PBXGroup;
			children = (
				E4E93E1B28810AFA00D93068 /* LandmarksUITests.swift */,
				E4E93E1D28810AFA00D93068 /* LandmarksUITestsLaunchTests.swift */,
			);
			path = LandmarksUITests;
			sourceTree = "<group>";
		};
/* End PBXGroup section */

/* Begin PBXNativeTarget section */
		E4E93DFC28810AF400D93068 /* Landmarks */ = {
			isa = PBXNativeTarget;
			buildConfigurationList = E4E93E2128810AFA00D93068 /* Build configuration list for PBXNativeTarget "Landmarks" */;
			buildPhases = (
				E4E93DF928810AF400D93068 /* Sources */,
				E4E93DFA28810AF400D93068 /* Frameworks */,
				E4E93DFB28810AF400D93068 /* Resources */,
			);
			buildRules = (
			);
			dependencies = (
			);
			name = Landmarks;
			productName = Landmarks;
			productReference = E4E93DFD28810AF500D93068 /* Landmarks.app */;
			productType = "com.apple.product-type.application";
		};
		E4E93E0C28810AFA00D93068 /* LandmarksTests */ = {
			isa = PBXNativeTarget;
			buildConfigurationList = E4E93E2428810AFA00D93068 /* Build configuration list for PBXNativeTarget "LandmarksTests" */;
			buildPhases = (
				E4E93E0928810AFA00D93068 /* Sources */,
				E4E93E0A28810AFA00D93068 /* Frameworks */,
				E4E93E0B28810AFA00D93068 /* Resources */,
			);
			buildRules = (
			);
			dependencies = (
				E4E93E0F28810AFA00D93068 /* PBXTargetDependency */,
			);
			name = LandmarksTests;
			productName = LandmarksTests;
			productReference = E4E93E0D28810AFA00D93068 /* LandmarksTests.xctest */;
			productType = "com.apple.product-type.bundle.unit-test";
		};
		E4E93E1628810AFA00D93068 /* LandmarksUITests */ = {
			isa = PBXNativeTarget;
			buildConfigurationList = E4E93E2728810AFA00D93068 /* Build configuration list for PBXNativeTarget "LandmarksUITests" */;
			buildPhases = (
				E4E93E1328810AFA00D93068 /* Sources */,
				E4E93E1428810AFA00D93068 /* Frameworks */,
				E4E93E1528810AFA00D93068 /* Resources */,
			);
			buildRules = (
			);
			dependencies = (
				E4E93E1928810AFA00D93068 /* PBXTargetDependency */,
			);
			name = LandmarksUITests;
			productName = LandmarksUITests;
			productReference = E4E93E1728810AFA00D93068 /* LandmarksUITests.xctest */;
			productType = "com.apple.product-type.bundle.ui-testing";
		};
/* End PBXNativeTarget section */

/* Begin PBXProject section */
		E4E93DF528810AF400D93068 /* Project object */ = {
			isa = PBXProject;
			attributes = {
				BuildIndependentTargetsInParallel = 1;
				LastSwiftUpdateCheck = 1330;
				LastUpgradeCheck = 1330;
				TargetAttributes = {
					E4E93DFC28810AF400D93068 = {
						CreatedOnToolsVersion = 13.3.1;
					};
					E4E93E0C28810AFA00D93068 = {
						CreatedOnToolsVersion = 13.3.1;
						TestTargetID = E4E93DFC28810AF400D93068;
					};
					E4E93E1628810AFA00D93068 = {
						CreatedOnToolsVersion = 13.3.1;
						TestTargetID = E4E93DFC28810AF400D93068;
					};
				};
			};
			buildConfigurationList = E4E93DF828810AF400D93068 /* Build configuration list for PBXProject "Landmarks" */;
			compatibilityVersion = "Xcode 13.0";
			developmentRegion = en;
			hasScannedForEncodings = 0;
			knownRegions = (
				en,
				Base,
			);
			mainGroup = E4E93DF428810AF400D93068;
			productRefGroup = E4E93DFE28810AF500D93068 /* Products */;
			projectDirPath = "";
			projectRoot = "";
			targets = (
				E4E93DFC28810AF400D93068 /* Landmarks */,
				E4E93E0C28810AFA00D93068 /* LandmarksTests */,
				E4E93E1628810AFA00D93068 /* LandmarksUITests */,
			);
		};
/* End PBXProject section */

/* Begin PBXResourcesBuildPhase section */
		E4E93DFB28810AF400D93068 /* Resources */ = {
			isa = PBXResourcesBuildPhase;
			buildActionMask = 2147483647;
			files = (
				E4E93E0828810AF900D93068 /* Preview Assets.xcassets in Resources */,
				E44D6EF12889017D00F1928C /* chincoteague@2x.jpg in Resources */,
				E44D6EEE2889017D00F1928C /* silversalmoncreek@2x.jpg in Resources */,
				E44D6EF72889017D00F1928C /* stmarylake@2x.jpg in Resources */,
				E44D6EF02889017D00F1928C /* hiddenlake@2x.jpg in Resources */,
				E4E93E0528810AF900D93068 /* Assets.xcassets in Resources */,
				E44D6EED2889017D00F1928C /* twinlake@2x.jpg in Resources */,
				E44D6EF22889017D00F1928C /* lakemcdonald@2x.jpg in Resources */,
				E44D6EF62889017D00F1928C /* chilkoottrail@2x.jpg in Resources */,
				E44D6EF52889017D00F1928C /* umbagog@2x.jpg in Resources */,
				E44D6EF32889017D00F1928C /* icybay@2x.jpg in Resources */,
				E44D6EEF2889017D00F1928C /* charleyrivers@2x.jpg in Resources */,
				E44D6EF42889017D00F1928C /* rainbowlake@2x.jpg in Resources */,
				E4E93E2F2887BE7300D93068 /* landmarkData.json in Resources */,
			);
			runOnlyForDeploymentPostprocessing = 0;
		};
		E4E93E0B28810AFA00D93068 /* Resources */ = {
			isa = PBXResourcesBuildPhase;
			buildActionMask = 2147483647;
			files = (
			);
			runOnlyForDeploymentPostprocessing = 0;
		};
		E4E93E1528810AFA00D93068 /* Resources */ = {
			isa = PBXResourcesBuildPhase;
			buildActionMask = 2147483647;
			files = (
			);
			runOnlyForDeploymentPostprocessing = 0;
		};
/* End PBXResourcesBuildPhase section */

/* Begin PBXSourcesBuildPhase section */
		E4E93DF928810AF400D93068 /* Sources */ = {
			isa = PBXSourcesBuildPhase;
			buildActionMask = 2147483647;
			files = (
				E4E93E0328810AF500D93068 /* ContentView.swift in Sources */,
				E4E93E2D2881122A00D93068 /* MapView.swift in Sources */,
				E4E93E0128810AF500D93068 /* LandmarksApp.swift in Sources */,
				E44D6EF9288904A900F1928C /* LandmarkList.swift in Sources */,
				E44D6EDA2887C5B300F1928C /* ModelData.swift in Sources */,
				E4E93E2B288110FB00D93068 /* CircleImage.swift in Sources */,
				E44D6EDF2888FE5700F1928C /* LandmarkRow.swift in Sources */,
				E4E93E312887C01500D93068 /* Landmark.swift in Sources */,
			);
			runOnlyForDeploymentPostprocessing = 0;
		};
		E4E93E0928810AFA00D93068 /* Sources */ = {
			isa = PBXSourcesBuildPhase;
			buildActionMask = 2147483647;
			files = (
				E4E93E1228810AFA00D93068 /* LandmarksTests.swift in Sources */,
			);
			runOnlyForDeploymentPostprocessing = 0;
		};
		E4E93E1328810AFA00D93068 /* Sources */ = {
			isa = PBXSourcesBuildPhase;
			buildActionMask = 2147483647;
			files = (
				E4E93E1E28810AFA00D93068 /* LandmarksUITestsLaunchTests.swift in Sources */,
				E4E93E1C28810AFA00D93068 /* LandmarksUITests.swift in Sources */,
			);
			runOnlyForDeploymentPostprocessing = 0;
		};
/* End PBXSourcesBuildPhase section */

/* Begin PBXTargetDependency section */
		E4E93E0F28810AFA00D93068 /* PBXTargetDependency */ = {
			isa = PBXTargetDependency;
			target = E4E93DFC28810AF400D93068 /* Landmarks */;
			targetProxy = E4E93E0E28810AFA00D93068 /* PBXContainerItemProxy */;
		};
		E4E93E1928810AFA00D93068 /* PBXTargetDependency */ = {
			isa = PBXTargetDependency;
			target = E4E93DFC28810AF400D93068 /* Landmarks */;
			targetProxy = E4E93E1828810AFA00D93068 /* PBXContainerItemProxy */;
		};
/* End PBXTargetDependency section */

/* Begin XCBuildConfiguration section */
		E4E93E1F28810AFA00D93068 /* Debug */ = {
			isa = XCBuildConfiguration;
			buildSettings = {
				ALWAYS_SEARCH_USER_PATHS = NO;
				CLANG_ANALYZER_NONNULL = YES;
				CLANG_ANALYZER_NUMBER_OBJECT_CONVERSION = YES_AGGRESSIVE;
				CLANG_CXX_LANGUAGE_STANDARD = "gnu++17";
				CLANG_ENABLE_MODULES = YES;
				CLANG_ENABLE_OBJC_ARC = YES;
				CLANG_ENABLE_OBJC_WEAK = YES;
				CLANG_WARN_BLOCK_CAPTURE_AUTORELEASING = YES;
				CLANG_WARN_BOOL_CONVERSION = YES;
				CLANG_WARN_COMMA = YES;
				CLANG_WARN_CONSTANT_CONVERSION = YES;
				CLANG_WARN_DEPRECATED_OBJC_IMPLEMENTATIONS = YES;
				CLANG_WARN_DIRECT_OBJC_ISA_USAGE = YES_ERROR;
				CLANG_WARN_DOCUMENTATION_COMMENTS = YES;
				CLANG_WARN_EMPTY_BODY = YES;
				CLANG_WARN_ENUM_CONVERSION = YES;
				CLANG_WARN_INFINITE_RECURSION = YES;
				CLANG_WARN_INT_CONVERSION = YES;
				CLANG_WARN_NON_LITERAL_NULL_CONVERSION = YES;
				CLANG_WARN_OBJC_IMPLICIT_RETAIN_SELF = YES;
				CLANG_WARN_OBJC_LITERAL_CONVERSION = YES;
				CLANG_WARN_OBJC_ROOT_CLASS = YES_ERROR;
				CLANG_WARN_QUOTED_INCLUDE_IN_FRAMEWORK_HEADER = YES;
				CLANG_WARN_RANGE_LOOP_ANALYSIS = YES;
				CLANG_WARN_STRICT_PROTOTYPES = YES;
				CLANG_WARN_SUSPICIOUS_MOVE = YES;
				CLANG_WARN_UNGUARDED_AVAILABILITY = YES_AGGRESSIVE;
				CLANG_WARN_UNREACHABLE_CODE = YES;
				CLANG_WARN__DUPLICATE_METHOD_MATCH = YES;
				COPY_PHASE_STRIP = NO;
				DEBUG_INFORMATION_FORMAT = dwarf;
				ENABLE_STRICT_OBJC_MSGSEND = YES;
				ENABLE_TESTABILITY = YES;
				GCC_C_LANGUAGE_STANDARD = gnu11;
				GCC_DYNAMIC_NO_PIC = NO;
				GCC_NO_COMMON_BLOCKS = YES;
				GCC_OPTIMIZATION_LEVEL = 0;
				GCC_PREPROCESSOR_DEFINITIONS = (
					"DEBUG=1",
					"$(inherited)",
				);
				GCC_WARN_64_TO_32_BIT_CONVERSION = YES;
				GCC_WARN_ABOUT_RETURN_TYPE = YES_ERROR;
				GCC_WARN_UNDECLARED_SELECTOR = YES;
				GCC_WARN_UNINITIALIZED_AUTOS = YES_AGGRESSIVE;
				GCC_WARN_UNUSED_FUNCTION = YES;
				GCC_WARN_UNUSED_VARIABLE = YES;
				IPHONEOS_DEPLOYMENT_TARGET = 15.4;
				MTL_ENABLE_DEBUG_INFO = INCLUDE_SOURCE;
				MTL_FAST_MATH = YES;
				ONLY_ACTIVE_ARCH = YES;
				SDKROOT = iphoneos;
				SWIFT_ACTIVE_COMPILATION_CONDITIONS = DEBUG;
				SWIFT_OPTIMIZATION_LEVEL = "-Onone";
			};
			name = Debug;
		};
		E4E93E2028810AFA00D93068 /* Release */ = {
			isa = XCBuildConfiguration;
			buildSettings = {
				ALWAYS_SEARCH_USER_PATHS = NO;
				CLANG_ANALYZER_NONNULL = YES;
				CLANG_ANALYZER_NUMBER_OBJECT_CONVERSION = YES_AGGRESSIVE;
				CLANG_CXX_LANGUAGE_STANDARD = "gnu++17";
				CLANG_ENABLE_MODULES = YES;
				CLANG_ENABLE_OBJC_ARC = YES;
				CLANG_ENABLE_OBJC_WEAK = YES;
				CLANG_WARN_BLOCK_CAPTURE_AUTORELEASING = YES;
				CLANG_WARN_BOOL_CONVERSION = YES;
				CLANG_WARN_COMMA = YES;
				CLANG_WARN_CONSTANT_CONVERSION = YES;
				CLANG_WARN_DEPRECATED_OBJC_IMPLEMENTATIONS = YES;
				CLANG_WARN_DIRECT_OBJC_ISA_USAGE = YES_ERROR;
				CLANG_WARN_DOCUMENTATION_COMMENTS = YES;
				CLANG_WARN_EMPTY_BODY = YES;
				CLANG_WARN_ENUM_CONVERSION = YES;
				CLANG_WARN_INFINITE_RECURSION = YES;
				CLANG_WARN_INT_CONVERSION = YES;
				CLANG_WARN_NON_LITERAL_NULL_CONVERSION = YES;
				CLANG_WARN_OBJC_IMPLICIT_RETAIN_SELF = YES;
				CLANG_WARN_OBJC_LITERAL_CONVERSION = YES;
				CLANG_WARN_OBJC_ROOT_CLASS = YES_ERROR;
				CLANG_WARN_QUOTED_INCLUDE_IN_FRAMEWORK_HEADER = YES;
				CLANG_WARN_RANGE_LOOP_ANALYSIS = YES;
				CLANG_WARN_STRICT_PROTOTYPES = YES;
				CLANG_WARN_SUSPICIOUS_MOVE = YES;
				CLANG_WARN_UNGUARDED_AVAILABILITY = YES_AGGRESSIVE;
				CLANG_WARN_UNREACHABLE_CODE = YES;
				CLANG_WARN__DUPLICATE_METHOD_MATCH = YES;
				COPY_PHASE_STRIP = NO;
				DEBUG_INFORMATION_FORMAT = "dwarf-with-dsym";
				ENABLE_NS_ASSERTIONS = NO;
				ENABLE_STRICT_OBJC_MSGSEND = YES;
				GCC_C_LANGUAGE_STANDARD = gnu11;
				GCC_NO_COMMON_BLOCKS = YES;
				GCC_WARN_64_TO_32_BIT_CONVERSION = YES;
				GCC_WARN_ABOUT_RETURN_TYPE = YES_ERROR;
				GCC_WARN_UNDECLARED_SELECTOR = YES;
				GCC_WARN_UNINITIALIZED_AUTOS = YES_AGGRESSIVE;
				GCC_WARN_UNUSED_FUNCTION = YES;
				GCC_WARN_UNUSED_VARIABLE = YES;
				IPHONEOS_DEPLOYMENT_TARGET = 15.4;
				MTL_ENABLE_DEBUG_INFO = NO;
				MTL_FAST_MATH = YES;
				SDKROOT = iphoneos;
				SWIFT_COMPILATION_MODE = wholemodule;
				SWIFT_OPTIMIZATION_LEVEL = "-O";
				VALIDATE_PRODUCT = YES;
			};
			name = Release;
		};
		E4E93E2228810AFA00D93068 /* Debug */ = {
			isa = XCBuildConfiguration;
			buildSettings = {
				ASSETCATALOG_COMPILER_APPICON_NAME = AppIcon;
				ASSETCATALOG_COMPILER_GLOBAL_ACCENT_COLOR_NAME = AccentColor;
				CODE_SIGN_STYLE = Automatic;
				CURRENT_PROJECT_VERSION = 1;
				DEVELOPMENT_ASSET_PATHS = "\"Landmarks/Preview Content\"";
				ENABLE_PREVIEWS = YES;
				GENERATE_INFOPLIST_FILE = YES;
				INFOPLIST_KEY_UIApplicationSceneManifest_Generation = YES;
				INFOPLIST_KEY_UIApplicationSupportsIndirectInputEvents = YES;
				INFOPLIST_KEY_UILaunchScreen_Generation = YES;
				INFOPLIST_KEY_UISupportedInterfaceOrientations_iPad = "UIInterfaceOrientationPortrait UIInterfaceOrientationPortraitUpsideDown UIInterfaceOrientationLandscapeLeft UIInterfaceOrientationLandscapeRight";
				INFOPLIST_KEY_UISupportedInterfaceOrientations_iPhone = "UIInterfaceOrientationPortrait UIInterfaceOrientationLandscapeLeft UIInterfaceOrientationLandscapeRight";
				LD_RUNPATH_SEARCH_PATHS = (
					"$(inherited)",
					"@executable_path/Frameworks",
				);
				MARKETING_VERSION = 1.0;
				PRODUCT_BUNDLE_IDENTIFIER = jb.Landmarks;
				PRODUCT_NAME = "$(TARGET_NAME)";
				SWIFT_EMIT_LOC_STRINGS = YES;
				SWIFT_VERSION = 5.0;
				TARGETED_DEVICE_FAMILY = "1,2";
			};
			name = Debug;
		};
		E4E93E2328810AFA00D93068 /* Release */ = {
			isa = XCBuildConfiguration;
			buildSettings = {
				ASSETCATALOG_COMPILER_APPICON_NAME = AppIcon;
				ASSETCATALOG_COMPILER_GLOBAL_ACCENT_COLOR_NAME = AccentColor;
				CODE_SIGN_STYLE = Automatic;
				CURRENT_PROJECT_VERSION = 1;
				DEVELOPMENT_ASSET_PATHS = "\"Landmarks/Preview Content\"";
				ENABLE_PREVIEWS = YES;
				GENERATE_INFOPLIST_FILE = YES;
				INFOPLIST_KEY_UIApplicationSceneManifest_Generation = YES;
				INFOPLIST_KEY_UIApplicationSupportsIndirectInputEvents = YES;
				INFOPLIST_KEY_UILaunchScreen_Generation = YES;
				INFOPLIST_KEY_UISupportedInterfaceOrientations_iPad = "UIInterfaceOrientationPortrait UIInterfaceOrientationPortraitUpsideDown UIInterfaceOrientationLandscapeLeft UIInterfaceOrientationLandscapeRight";
				INFOPLIST_KEY_UISupportedInterfaceOrientations_iPhone = "UIInterfaceOrientationPortrait UIInterfaceOrientationLandscapeLeft UIInterfaceOrientationLandscapeRight";
				LD_RUNPATH_SEARCH_PATHS = (
					"$(inherited)",
					"@executable_path/Frameworks",
				);
				MARKETING_VERSION = 1.0;
				PRODUCT_BUNDLE_IDENTIFIER = jb.Landmarks;
				PRODUCT_NAME = "$(TARGET_NAME)";
				SWIFT_EMIT_LOC_STRINGS = YES;
				SWIFT_VERSION = 5.0;
				TARGETED_DEVICE_FAMILY = "1,2";
			};
			name = Release;
		};
		E4E93E2528810AFA00D93068 /* Debug */ = {
			isa = XCBuildConfiguration;
			buildSettings = {
				ALWAYS_EMBED_SWIFT_STANDARD_LIBRARIES = YES;
				BUNDLE_LOADER = "$(TEST_HOST)";
				CODE_SIGN_STYLE = Automatic;
				CURRENT_PROJECT_VERSION = 1;
				GENERATE_INFOPLIST_FILE = YES;
				IPHONEOS_DEPLOYMENT_TARGET = 15.4;
				MARKETING_VERSION = 1.0;
				PRODUCT_BUNDLE_IDENTIFIER = jb.LandmarksTests;
				PRODUCT_NAME = "$(TARGET_NAME)";
				SWIFT_EMIT_LOC_STRINGS = NO;
				SWIFT_VERSION = 5.0;
				TARGETED_DEVICE_FAMILY = "1,2";
				TEST_HOST = "$(BUILT_PRODUCTS_DIR)/Landmarks.app/Landmarks";
			};
			name = Debug;
		};
		E4E93E2628810AFA00D93068 /* Release */ = {
			isa = XCBuildConfiguration;
			buildSettings = {
				ALWAYS_EMBED_SWIFT_STANDARD_LIBRARIES = YES;
				BUNDLE_LOADER = "$(TEST_HOST)";
				CODE_SIGN_STYLE = Automatic;
				CURRENT_PROJECT_VERSION = 1;
				GENERATE_INFOPLIST_FILE = YES;
				IPHONEOS_DEPLOYMENT_TARGET = 15.4;
				MARKETING_VERSION = 1.0;
				PRODUCT_BUNDLE_IDENTIFIER = jb.LandmarksTests;
				PRODUCT_NAME = "$(TARGET_NAME)";
				SWIFT_EMIT_LOC_STRINGS = NO;
				SWIFT_VERSION = 5.0;
				TARGETED_DEVICE_FAMILY = "1,2";
				TEST_HOST = "$(BUILT_PRODUCTS_DIR)/Landmarks.app/Landmarks";
			};
			name = Release;
		};
		E4E93E2828810AFA00D93068 /* Debug */ = {
			isa = XCBuildConfiguration;
			buildSettings = {
				ALWAYS_EMBED_SWIFT_STANDARD_LIBRARIES = YES;
				CODE_SIGN_STYLE = Automatic;
				CURRENT_PROJECT_VERSION = 1;
				GENERATE_INFOPLIST_FILE = YES;
				MARKETING_VERSION = 1.0;
				PRODUCT_BUNDLE_IDENTIFIER = jb.LandmarksUITests;
				PRODUCT_NAME = "$(TARGET_NAME)";
				SWIFT_EMIT_LOC_STRINGS = NO;
				SWIFT_VERSION = 5.0;
				TARGETED_DEVICE_FAMILY = "1,2";
				TEST_TARGET_NAME = Landmarks;
			};
			name = Debug;
		};
		E4E93E2928810AFA00D93068 /* Release */ = {
			isa = XCBuildConfiguration;
			buildSettings = {
				ALWAYS_EMBED_SWIFT_STANDARD_LIBRARIES = YES;
				CODE_SIGN_STYLE = Automatic;
				CURRENT_PROJECT_VERSION = 1;
				GENERATE_INFOPLIST_FILE = YES;
				MARKETING_VERSION = 1.0;
				PRODUCT_BUNDLE_IDENTIFIER = jb.LandmarksUITests;
				PRODUCT_NAME = "$(TARGET_NAME)";
				SWIFT_EMIT_LOC_STRINGS = NO;
				SWIFT_VERSION = 5.0;
				TARGETED_DEVICE_FAMILY = "1,2";
				TEST_TARGET_NAME = Landmarks;
			};
			name = Release;
		};
/* End XCBuildConfiguration section */

/* Begin XCConfigurationList section */
		E4E93DF828810AF400D93068 /* Build configuration list for PBXProject "Landmarks" */ = {
			isa = XCConfigurationList;
			buildConfigurations = (
				E4E93E1F28810AFA00D93068 /* Debug */,
				E4E93E2028810AFA00D93068 /* Release */,
			);
			defaultConfigurationIsVisible = 0;
			defaultConfigurationName = Release;
		};
		E4E93E2128810AFA00D93068 /* Build configuration list for PBXNativeTarget "Landmarks" */ = {
			isa = XCConfigurationList;
			buildConfigurations = (
				E4E93E2228810AFA00D93068 /* Debug */,
				E4E93E2328810AFA00D93068 /* Release */,
			);
			defaultConfigurationIsVisible = 0;
			defaultConfigurationName = Release;
		};
		E4E93E2428810AFA00D93068 /* Build configuration list for PBXNativeTarget "LandmarksTests" */ = {
			isa = XCConfigurationList;
			buildConfigurations = (
				E4E93E2528810AFA00D93068 /* Debug */,
				E4E93E2628810AFA00D93068 /* Release */,
			);
			defaultConfigurationIsVisible = 0;
			defaultConfigurationName = Release;
		};
		E4E93E2728810AFA00D93068 /* Build configuration list for PBXNativeTarget "LandmarksUITests" */ = {
			isa = XCConfigurationList;
			buildConfigurations = (
				E4E93E2828810AFA00D93068 /* Debug */,
				E4E93E2928810AFA00D93068 /* Release */,
			);
			defaultConfigurationIsVisible = 0;
			defaultConfigurationName = Release;
		};
/* End XCConfigurationList section */
	};
	rootObject = E4E93DF528810AF400D93068 /* Project object */;
}
